
Microsoft Visual Studio Solution File, Format Version 12.00
# Visual Studio Version 17
VisualStudioVersion = 17.1.32328.378
MinimumVisualStudioVersion = 10.0.40219.1
Project("{FAE04EC0-301F-11D3-BF4B-00C04F79EFBC}") = "ESTeBar", "ESTeBar\ESTeBar.csproj", "{C7FF0D26-2D14-44E2-834D-30EBAF07E0E5}"
EndProject
Global
	GlobalSection(SolutionConfigurationPlatforms) = preSolution
		Debug|Any CPU = Debug|Any CPU
		Release|Any CPU = Release|Any CPU
	EndGlobalSection
	GlobalSection(ProjectConfigurationPlatforms) = postSolution
		{C7FF0D26-2D14-44E2-834D-30EBAF07E0E5}.Debug|Any CPU.ActiveCfg = Debug|Any CPU
		{C7FF0D26-2D14-44E2-834D-30EBAF07E0E5}.Debug|Any CPU.Build.0 = Debug|Any CPU
		{C7FF0D26-2D14-44E2-834D-30EBAF07E0E5}.Release|Any CPU.ActiveCfg = Release|Any CPU
		{C7FF0D26-2D14-44E2-834D-30EBAF07E0E5}.Release|Any CPU.Build.0 = Release|Any CPU
	EndGlobalSection
	GlobalSection(SolutionProperties) = preSolution
		HideSolutionNode = FALSE
	EndGlobalSection
	GlobalSection(ExtensibilityGlobals) = postSolution
		SolutionGuid = {173E38A1-89D2-4BC5-8D57-10AD16C22448}
	EndGlobalSection
EndGlobal
