
Microsoft Visual Studio Solution File, Format Version 12.00
# Visual Studio Version 17
VisualStudioVersion = 17.1.32328.378
MinimumVisualStudioVersion = 10.0.40219.1
Project("{FAE04EC0-301F-11D3-BF4B-00C04F79EFBC}") = "MediESTeca-v1", "MediESTeca-v1\MediESTeca-v1.csproj", "{0C5EF5B3-0529-4779-8450-17FBD0829D45}"
EndProject
Global
	GlobalSection(SolutionConfigurationPlatforms) = preSolution
		Debug|Any CPU = Debug|Any CPU
		Release|Any CPU = Release|Any CPU
	EndGlobalSection
	GlobalSection(ProjectConfigurationPlatforms) = postSolution
		{0C5EF5B3-0529-4779-8450-17FBD0829D45}.Debug|Any CPU.ActiveCfg = Debug|Any CPU
		{0C5EF5B3-0529-4779-8450-17FBD0829D45}.Debug|Any CPU.Build.0 = Debug|Any CPU
		{0C5EF5B3-0529-4779-8450-17FBD0829D45}.Release|Any CPU.ActiveCfg = Release|Any CPU
		{0C5EF5B3-0529-4779-8450-17FBD0829D45}.Release|Any CPU.Build.0 = Release|Any CPU
	EndGlobalSection
	GlobalSection(SolutionProperties) = preSolution
		HideSolutionNode = FALSE
	EndGlobalSection
	GlobalSection(ExtensibilityGlobals) = postSolution
		SolutionGuid = {3F8D5E37-9725-4046-8B1C-F30FDADD7AE8}
	EndGlobalSection
EndGlobal
