
Microsoft Visual Studio Solution File, Format Version 12.00
# Visual Studio Version 17
VisualStudioVersion = 17.0.32630.193
MinimumVisualStudioVersion = 10.0.40219.1
Project("{9A19103F-16F7-4668-BE54-9A1E7A4F7556}") = "HospitEST", "HospitEST.csproj", "{3E38F4F4-FB42-4545-A264-7158D61824EE}"
EndProject
Project("{FAE04EC0-301F-11D3-BF4B-00C04F79EFBC}") = "HospitESTClient", "..\HospitESTClient\HospitESTClient.csproj", "{08EDB8F4-E257-46CF-9211-35CA85B5323F}"
EndProject
Global
	GlobalSection(SolutionConfigurationPlatforms) = preSolution
		Debug|Any CPU = Debug|Any CPU
		Release|Any CPU = Release|Any CPU
	EndGlobalSection
	GlobalSection(ProjectConfigurationPlatforms) = postSolution
		{3E38F4F4-FB42-4545-A264-7158D61824EE}.Debug|Any CPU.ActiveCfg = Debug|Any CPU
		{3E38F4F4-FB42-4545-A264-7158D61824EE}.Debug|Any CPU.Build.0 = Debug|Any CPU
		{3E38F4F4-FB42-4545-A264-7158D61824EE}.Release|Any CPU.ActiveCfg = Release|Any CPU
		{3E38F4F4-FB42-4545-A264-7158D61824EE}.Release|Any CPU.Build.0 = Release|Any CPU
		{08EDB8F4-E257-46CF-9211-35CA85B5323F}.Debug|Any CPU.ActiveCfg = Debug|Any CPU
		{08EDB8F4-E257-46CF-9211-35CA85B5323F}.Debug|Any CPU.Build.0 = Debug|Any CPU
		{08EDB8F4-E257-46CF-9211-35CA85B5323F}.Release|Any CPU.ActiveCfg = Release|Any CPU
		{08EDB8F4-E257-46CF-9211-35CA85B5323F}.Release|Any CPU.Build.0 = Release|Any CPU
	EndGlobalSection
	GlobalSection(SolutionProperties) = preSolution
		HideSolutionNode = FALSE
	EndGlobalSection
	GlobalSection(ExtensibilityGlobals) = postSolution
		SolutionGuid = {BBB3C5F9-A092-49D2-B3F4-9E5A3BA4EA25}
	EndGlobalSection
EndGlobal
